
Microsoft Visual Studio Solution File, Format Version 12.00
# Visual Studio Version 17
VisualStudioVersion = 17.0.31903.59
MinimumVisualStudioVersion = 10.0.40219.1
Project("{FAE04EC0-301F-11D3-BF4B-00C04F79EFBC}") = "ExcelLibray", "ExcelLibray\ExcelLibray.csproj", "{1E59B249-E50D-4B82-B54C-604B3D0B709B}"
EndProject
Project("{FAE04EC0-301F-11D3-BF4B-00C04F79EFBC}") = "ExcelReader", "ExcelReader\ExcelReader.csproj", "{A37136C3-DAA1-43C0-8A66-D7688F470F2A}"
EndProject
Project("{FAE04EC0-301F-11D3-BF4B-00C04F79EFBC}") = "ExcelTest", "ExcelTest\ExcelTest.csproj", "{F1E3D120-CCAC-482D-955D-422B2EEFB916}"
EndProject
Global
	GlobalSection(SolutionConfigurationPlatforms) = preSolution
		Debug|Any CPU = Debug|Any CPU
		Release|Any CPU = Release|Any CPU
	EndGlobalSection
	GlobalSection(SolutionProperties) = preSolution
		HideSolutionNode = FALSE
	EndGlobalSection
	GlobalSection(ProjectConfigurationPlatforms) = postSolution
		{1E59B249-E50D-4B82-B54C-604B3D0B709B}.Debug|Any CPU.ActiveCfg = Debug|Any CPU
		{1E59B249-E50D-4B82-B54C-604B3D0B709B}.Debug|Any CPU.Build.0 = Debug|Any CPU
		{1E59B249-E50D-4B82-B54C-604B3D0B709B}.Release|Any CPU.ActiveCfg = Release|Any CPU
		{1E59B249-E50D-4B82-B54C-604B3D0B709B}.Release|Any CPU.Build.0 = Release|Any CPU
		{A37136C3-DAA1-43C0-8A66-D7688F470F2A}.Debug|Any CPU.ActiveCfg = Debug|Any CPU
		{A37136C3-DAA1-43C0-8A66-D7688F470F2A}.Debug|Any CPU.Build.0 = Debug|Any CPU
		{A37136C3-DAA1-43C0-8A66-D7688F470F2A}.Release|Any CPU.ActiveCfg = Release|Any CPU
		{A37136C3-DAA1-43C0-8A66-D7688F470F2A}.Release|Any CPU.Build.0 = Release|Any CPU
		{F1E3D120-CCAC-482D-955D-422B2EEFB916}.Debug|Any CPU.ActiveCfg = Debug|Any CPU
		{F1E3D120-CCAC-482D-955D-422B2EEFB916}.Debug|Any CPU.Build.0 = Debug|Any CPU
		{F1E3D120-CCAC-482D-955D-422B2EEFB916}.Release|Any CPU.ActiveCfg = Release|Any CPU
		{F1E3D120-CCAC-482D-955D-422B2EEFB916}.Release|Any CPU.Build.0 = Release|Any CPU
	EndGlobalSection
EndGlobal
